
Microsoft Visual Studio Solution File, Format Version 12.00
# Visual Studio Version 17
VisualStudioVersion = 17.0.31903.59
MinimumVisualStudioVersion = 10.0.40219.1
Project("{FAE04EC0-301F-11D3-BF4B-00C04F79EFBC}") = "SportsLeague.API", "SportsLeague.API\SportsLeague.API.csproj", "{48119B57-8885-4BD8-8274-6F599E519A63}"
EndProject
Project("{FAE04EC0-301F-11D3-BF4B-00C04F79EFBC}") = "SportsLeague.Domain", "SportsLeague.Domain\SportsLeague.Domain.csproj", "{8437C214-58BC-412A-9BF5-F69E5CCFB235}"
EndProject
Project("{FAE04EC0-301F-11D3-BF4B-00C04F79EFBC}") = "SportsLeague.DataAccess", "SportsLeague.DataAccess\SportsLeague.DataAccess.csproj", "{A58D2BC6-0E7B-43D2-B018-A1BCB849447E}"
EndProject
Global
	GlobalSection(SolutionConfigurationPlatforms) = preSolution
		Debug|Any CPU = Debug|Any CPU
		Debug|x64 = Debug|x64
		Debug|x86 = Debug|x86
		Release|Any CPU = Release|Any CPU
		Release|x64 = Release|x64
		Release|x86 = Release|x86
	EndGlobalSection
	GlobalSection(ProjectConfigurationPlatforms) = postSolution
		{48119B57-8885-4BD8-8274-6F599E519A63}.Debug|Any CPU.ActiveCfg = Debug|Any CPU
		{48119B57-8885-4BD8-8274-6F599E519A63}.Debug|Any CPU.Build.0 = Debug|Any CPU
		{48119B57-8885-4BD8-8274-6F599E519A63}.Debug|x64.ActiveCfg = Debug|Any CPU
		{48119B57-8885-4BD8-8274-6F599E519A63}.Debug|x64.Build.0 = Debug|Any CPU
		{48119B57-8885-4BD8-8274-6F599E519A63}.Debug|x86.ActiveCfg = Debug|Any CPU
		{48119B57-8885-4BD8-8274-6F599E519A63}.Debug|x86.Build.0 = Debug|Any CPU
		{48119B57-8885-4BD8-8274-6F599E519A63}.Release|Any CPU.ActiveCfg = Release|Any CPU
		{48119B57-8885-4BD8-8274-6F599E519A63}.Release|Any CPU.Build.0 = Release|Any CPU
		{48119B57-8885-4BD8-8274-6F599E519A63}.Release|x64.ActiveCfg = Release|Any CPU
		{48119B57-8885-4BD8-8274-6F599E519A63}.Release|x64.Build.0 = Release|Any CPU
		{48119B57-8885-4BD8-8274-6F599E519A63}.Release|x86.ActiveCfg = Release|Any CPU
		{48119B57-8885-4BD8-8274-6F599E519A63}.Release|x86.Build.0 = Release|Any CPU
		{8437C214-58BC-412A-9BF5-F69E5CCFB235}.Debug|Any CPU.ActiveCfg = Debug|Any CPU
		{8437C214-58BC-412A-9BF5-F69E5CCFB235}.Debug|Any CPU.Build.0 = Debug|Any CPU
		{8437C214-58BC-412A-9BF5-F69E5CCFB235}.Debug|x64.ActiveCfg = Debug|Any CPU
		{8437C214-58BC-412A-9BF5-F69E5CCFB235}.Debug|x64.Build.0 = Debug|Any CPU
		{8437C214-58BC-412A-9BF5-F69E5CCFB235}.Debug|x86.ActiveCfg = Debug|Any CPU
		{8437C214-58BC-412A-9BF5-F69E5CCFB235}.Debug|x86.Build.0 = Debug|Any CPU
		{8437C214-58BC-412A-9BF5-F69E5CCFB235}.Release|Any CPU.ActiveCfg = Release|Any CPU
		{8437C214-58BC-412A-9BF5-F69E5CCFB235}.Release|Any CPU.Build.0 = Release|Any CPU
		{8437C214-58BC-412A-9BF5-F69E5CCFB235}.Release|x64.ActiveCfg = Release|Any CPU
		{8437C214-58BC-412A-9BF5-F69E5CCFB235}.Release|x64.Build.0 = Release|Any CPU
		{8437C214-58BC-412A-9BF5-F69E5CCFB235}.Release|x86.ActiveCfg = Release|Any CPU
		{8437C214-58BC-412A-9BF5-F69E5CCFB235}.Release|x86.Build.0 = Release|Any CPU
		{A58D2BC6-0E7B-43D2-B018-A1BCB849447E}.Debug|Any CPU.ActiveCfg = Debug|Any CPU
		{A58D2BC6-0E7B-43D2-B018-A1BCB849447E}.Debug|Any CPU.Build.0 = Debug|Any CPU
		{A58D2BC6-0E7B-43D2-B018-A1BCB849447E}.Debug|x64.ActiveCfg = Debug|Any CPU
		{A58D2BC6-0E7B-43D2-B018-A1BCB849447E}.Debug|x64.Build.0 = Debug|Any CPU
		{A58D2BC6-0E7B-43D2-B018-A1BCB849447E}.Debug|x86.ActiveCfg = Debug|Any CPU
		{A58D2BC6-0E7B-43D2-B018-A1BCB849447E}.Debug|x86.Build.0 = Debug|Any CPU
		{A58D2BC6-0E7B-43D2-B018-A1BCB849447E}.Release|Any CPU.ActiveCfg = Release|Any CPU
		{A58D2BC6-0E7B-43D2-B018-A1BCB849447E}.Release|Any CPU.Build.0 = Release|Any CPU
		{A58D2BC6-0E7B-43D2-B018-A1BCB849447E}.Release|x64.ActiveCfg = Release|Any CPU
		{A58D2BC6-0E7B-43D2-B018-A1BCB849447E}.Release|x64.Build.0 = Release|Any CPU
		{A58D2BC6-0E7B-43D2-B018-A1BCB849447E}.Release|x86.ActiveCfg = Release|Any CPU
		{A58D2BC6-0E7B-43D2-B018-A1BCB849447E}.Release|x86.Build.0 = Release|Any CPU
	EndGlobalSection
	GlobalSection(SolutionProperties) = preSolution
		HideSolutionNode = FALSE
	EndGlobalSection
EndGlobal
